
Microsoft Visual Studio Solution File, Format Version 12.00
# Visual Studio Version 17
VisualStudioVersion = 17.5.002.0
MinimumVisualStudioVersion = 10.0.40219.1
Project("{9A19103F-16F7-4668-BE54-9A1E7A4F7556}") = "StraviaWebApi", "StraviaWebApi.csproj", "{7302F99F-A20A-47E7-9C77-3134944D5B4C}"
EndProject
Global
	GlobalSection(SolutionConfigurationPlatforms) = preSolution
		Debug|Any CPU = Debug|Any CPU
		Release|Any CPU = Release|Any CPU
	EndGlobalSection
	GlobalSection(ProjectConfigurationPlatforms) = postSolution
		{7302F99F-A20A-47E7-9C77-3134944D5B4C}.Debug|Any CPU.ActiveCfg = Debug|Any CPU
		{7302F99F-A20A-47E7-9C77-3134944D5B4C}.Debug|Any CPU.Build.0 = Debug|Any CPU
		{7302F99F-A20A-47E7-9C77-3134944D5B4C}.Release|Any CPU.ActiveCfg = Release|Any CPU
		{7302F99F-A20A-47E7-9C77-3134944D5B4C}.Release|Any CPU.Build.0 = Release|Any CPU
	EndGlobalSection
	GlobalSection(SolutionProperties) = preSolution
		HideSolutionNode = FALSE
	EndGlobalSection
	GlobalSection(ExtensibilityGlobals) = postSolution
		SolutionGuid = {0258E5A1-FE05-4693-9753-A0A69F8EC293}
	EndGlobalSection
EndGlobal
